
Microsoft Visual Studio Solution File, Format Version 12.00
# Visual Studio Version 17
VisualStudioVersion = 17.5.002.0
MinimumVisualStudioVersion = 10.0.40219.1
Project("{9A19103F-16F7-4668-BE54-9A1E7A4F7556}") = "ProductAPP", "ProductAPP.csproj", "{16DEAC76-EC85-4501-9A51-D0D9CB0D5AEF}"
EndProject
Global
	GlobalSection(SolutionConfigurationPlatforms) = preSolution
		Debug|Any CPU = Debug|Any CPU
		Release|Any CPU = Release|Any CPU
	EndGlobalSection
	GlobalSection(ProjectConfigurationPlatforms) = postSolution
		{16DEAC76-EC85-4501-9A51-D0D9CB0D5AEF}.Debug|Any CPU.ActiveCfg = Debug|Any CPU
		{16DEAC76-EC85-4501-9A51-D0D9CB0D5AEF}.Debug|Any CPU.Build.0 = Debug|Any CPU
		{16DEAC76-EC85-4501-9A51-D0D9CB0D5AEF}.Release|Any CPU.ActiveCfg = Release|Any CPU
		{16DEAC76-EC85-4501-9A51-D0D9CB0D5AEF}.Release|Any CPU.Build.0 = Release|Any CPU
	EndGlobalSection
	GlobalSection(SolutionProperties) = preSolution
		HideSolutionNode = FALSE
	EndGlobalSection
	GlobalSection(ExtensibilityGlobals) = postSolution
		SolutionGuid = {B078A3F4-CE50-4F6F-84F7-451CBDE71122}
	EndGlobalSection
EndGlobal
